{
  "name": "phase-4-deploying-app-demo",
  "lockfileVersion": 2,
  "requires": true,
  "packages": {
    "": {
      "name": "phase-4-deploying-app-demo",
      "dependencies": {
        "activestorage": "^5.2.8"
      },
      "engines": {
        "node": "16.x"
      }
    },
    "node_modules/activestorage": {
      "version": "5.2.8",
      "resolved": "https://registry.npmjs.org/activestorage/-/activestorage-5.2.8.tgz",
      "integrity": "sha512-bueFOxBGIAUdrjbLyBZ8Xlkcecy8vr05sCk5VV37BbFi+RehPoEjfvKX3iYYPY7RFVhl+L43W9/ZbN3xNNLPtQ==",
      "dependencies": {
        "spark-md5": "^3.0.0"
      }
    },
    "node_modules/spark-md5": {
      "version": "3.0.2",
      "resolved": "https://registry.npmjs.org/spark-md5/-/spark-md5-3.0.2.tgz",
      "integrity": "sha512-wcFzz9cDfbuqe0FZzfi2or1sgyIrsDwmPwfZC4hiNidPdPINjeUwNfv5kldczoEAcjl9Y1L3SM7Uz2PUEQzxQw=="
    }
  },
  "dependencies": {
    "activestorage": {
      "version": "5.2.8",
      "resolved": "https://registry.npmjs.org/activestorage/-/activestorage-5.2.8.tgz",
      "integrity": "sha512-bueFOxBGIAUdrjbLyBZ8Xlkcecy8vr05sCk5VV37BbFi+RehPoEjfvKX3iYYPY7RFVhl+L43W9/ZbN3xNNLPtQ==",
      "requires": {
        "spark-md5": "^3.0.0"
      }
    },
    "spark-md5": {
      "version": "3.0.2",
      "resolved": "https://registry.npmjs.org/spark-md5/-/spark-md5-3.0.2.tgz",
      "integrity": "sha512-wcFzz9cDfbuqe0FZzfi2or1sgyIrsDwmPwfZC4hiNidPdPINjeUwNfv5kldczoEAcjl9Y1L3SM7Uz2PUEQzxQw=="
    }
  }
}
